
Microsoft Visual Studio Solution File, Format Version 12.00
# Visual Studio 15
VisualStudioVersion = 15.0.28010.2041
MinimumVisualStudioVersion = 10.0.40219.1
Project("{00D1A9C2-B5F0-4AF3-8072-F6C62B433612}") = "VikingNotesDb", "VikingNotesDb\VikingNotesDb.sqlproj", "{F01EC55F-B82E-4872-AE74-05A605D141F6}"
EndProject
Project("{FAE04EC0-301F-11D3-BF4B-00C04F79EFBC}") = "RESTfullWebApi", "RESTfullWebApi\RESTfullWebApi.csproj", "{59D87144-DF4F-416F-BD6D-2856BF6B6E01}"
EndProject
Project("{FAE04EC0-301F-11D3-BF4B-00C04F79EFBC}") = "View", "View\View.csproj", "{06D771D3-F175-44E9-8D3D-86B8BAD5F9D3}"
EndProject
Project("{FAE04EC0-301F-11D3-BF4B-00C04F79EFBC}") = "ViewModels", "ViewModels\ViewModels.csproj", "{1E73B481-0BD6-44B3-AF21-21A13C4F7E37}"
EndProject
Project("{FAE04EC0-301F-11D3-BF4B-00C04F79EFBC}") = "DAL", "DAL\DAL.csproj", "{3F55CB13-3CCC-4938-95BE-DBCBB24890C9}"
EndProject
Global
	GlobalSection(SolutionConfigurationPlatforms) = preSolution
		Debug|Any CPU = Debug|Any CPU
		Release|Any CPU = Release|Any CPU
	EndGlobalSection
	GlobalSection(ProjectConfigurationPlatforms) = postSolution
		{F01EC55F-B82E-4872-AE74-05A605D141F6}.Debug|Any CPU.ActiveCfg = Debug|Any CPU
		{F01EC55F-B82E-4872-AE74-05A605D141F6}.Debug|Any CPU.Build.0 = Debug|Any CPU
		{F01EC55F-B82E-4872-AE74-05A605D141F6}.Debug|Any CPU.Deploy.0 = Debug|Any CPU
		{F01EC55F-B82E-4872-AE74-05A605D141F6}.Release|Any CPU.ActiveCfg = Release|Any CPU
		{F01EC55F-B82E-4872-AE74-05A605D141F6}.Release|Any CPU.Build.0 = Release|Any CPU
		{F01EC55F-B82E-4872-AE74-05A605D141F6}.Release|Any CPU.Deploy.0 = Release|Any CPU
		{59D87144-DF4F-416F-BD6D-2856BF6B6E01}.Debug|Any CPU.ActiveCfg = Debug|Any CPU
		{59D87144-DF4F-416F-BD6D-2856BF6B6E01}.Debug|Any CPU.Build.0 = Debug|Any CPU
		{59D87144-DF4F-416F-BD6D-2856BF6B6E01}.Release|Any CPU.ActiveCfg = Release|Any CPU
		{59D87144-DF4F-416F-BD6D-2856BF6B6E01}.Release|Any CPU.Build.0 = Release|Any CPU
		{06D771D3-F175-44E9-8D3D-86B8BAD5F9D3}.Debug|Any CPU.ActiveCfg = Debug|Any CPU
		{06D771D3-F175-44E9-8D3D-86B8BAD5F9D3}.Debug|Any CPU.Build.0 = Debug|Any CPU
		{06D771D3-F175-44E9-8D3D-86B8BAD5F9D3}.Release|Any CPU.ActiveCfg = Release|Any CPU
		{06D771D3-F175-44E9-8D3D-86B8BAD5F9D3}.Release|Any CPU.Build.0 = Release|Any CPU
		{1E73B481-0BD6-44B3-AF21-21A13C4F7E37}.Debug|Any CPU.ActiveCfg = Debug|Any CPU
		{1E73B481-0BD6-44B3-AF21-21A13C4F7E37}.Debug|Any CPU.Build.0 = Debug|Any CPU
		{1E73B481-0BD6-44B3-AF21-21A13C4F7E37}.Release|Any CPU.ActiveCfg = Release|Any CPU
		{1E73B481-0BD6-44B3-AF21-21A13C4F7E37}.Release|Any CPU.Build.0 = Release|Any CPU
		{3F55CB13-3CCC-4938-95BE-DBCBB24890C9}.Debug|Any CPU.ActiveCfg = Debug|Any CPU
		{3F55CB13-3CCC-4938-95BE-DBCBB24890C9}.Debug|Any CPU.Build.0 = Debug|Any CPU
		{3F55CB13-3CCC-4938-95BE-DBCBB24890C9}.Release|Any CPU.ActiveCfg = Release|Any CPU
		{3F55CB13-3CCC-4938-95BE-DBCBB24890C9}.Release|Any CPU.Build.0 = Release|Any CPU
	EndGlobalSection
	GlobalSection(SolutionProperties) = preSolution
		HideSolutionNode = FALSE
	EndGlobalSection
	GlobalSection(ExtensibilityGlobals) = postSolution
		SolutionGuid = {C191EE43-0E6D-48FD-A340-FB4ED1C9FB2E}
	EndGlobalSection
EndGlobal
